# generated by rye
# use `rye lock` or `rye sync` to update this lockfile
#
# last locked with the following flags:
#   pre: false
#   features: []
#   all-features: false
#   with-sources: false
#   generate-hashes: false
#   universal: false

-e file:.
asttokens==2.4.1
    # via icecream
certifi==2024.8.30
    # via requests
charset-normalizer==3.3.2
    # via requests
colorama==0.4.6
    # via icecream
    # via pytest
executing==2.1.0
    # via icecream
greenlet==3.0.3
    # via playwright
icecream==2.1.3
idna==3.10
    # via requests
iniconfig==2.0.0
    # via pytest
mypy==1.11.2
mypy-extensions==1.0.0
    # via mypy
packaging==24.1
    # via pytest
playwright==1.47.0
    # via pytest-playwright
pluggy==1.5.0
    # via pytest
pyee==12.0.0
    # via playwright
pygments==2.18.0
    # via icecream
pytest==8.3.3
    # via pytest-base-url
    # via pytest-playwright
pytest-base-url==2.1.0
    # via pytest-playwright
pytest-playwright==0.5.2
    # via sgb-fair-value-calculator
python-slugify==8.0.4
    # via pytest-playwright
pyxirr==0.10.5
    # via sgb-fair-value-calculator
requests==2.32.3
    # via pytest-base-url
six==1.16.0
    # via asttokens
text-unidecode==1.3
    # via python-slugify
typing-extensions==4.12.2
    # via mypy
    # via pyee
urllib3==2.2.3
    # via requests
